
Microsoft Visual Studio Solution File, Format Version 12.00
# Visual Studio Version 17
VisualStudioVersion = 17.6.33829.357
MinimumVisualStudioVersion = 10.0.40219.1
Project("{FAE04EC0-301F-11D3-BF4B-00C04F79EFBC}") = "Spice Cabinet Kitchen", "Spice Cabinet Kitchen\Spice Cabinet Kitchen.csproj", "{4813ED91-4E01-4D70-9FF4-E266AFD532F6}"
EndProject
Global
	GlobalSection(SolutionConfigurationPlatforms) = preSolution
		Debug|Any CPU = Debug|Any CPU
		Release|Any CPU = Release|Any CPU
	EndGlobalSection
	GlobalSection(ProjectConfigurationPlatforms) = postSolution
		{4813ED91-4E01-4D70-9FF4-E266AFD532F6}.Debug|Any CPU.ActiveCfg = Debug|Any CPU
		{4813ED91-4E01-4D70-9FF4-E266AFD532F6}.Debug|Any CPU.Build.0 = Debug|Any CPU
		{4813ED91-4E01-4D70-9FF4-E266AFD532F6}.Release|Any CPU.ActiveCfg = Release|Any CPU
		{4813ED91-4E01-4D70-9FF4-E266AFD532F6}.Release|Any CPU.Build.0 = Release|Any CPU
	EndGlobalSection
	GlobalSection(SolutionProperties) = preSolution
		HideSolutionNode = FALSE
	EndGlobalSection
	GlobalSection(ExtensibilityGlobals) = postSolution
		SolutionGuid = {3751E135-314C-48A4-A7B3-D2BE75C3728A}
	EndGlobalSection
EndGlobal
